
Microsoft Visual Studio Solution File, Format Version 12.00
# Visual Studio Version 16
VisualStudioVersion = 16.0.30011.22
MinimumVisualStudioVersion = 10.0.40219.1
Project("{FAE04EC0-301F-11D3-BF4B-00C04F79EFBC}") = "CameraViewXamarinForms.Android", "CameraViewXamarinForms\CameraViewXamarinForms.Android\CameraViewXamarinForms.Android.csproj", "{A0308C85-CDD2-44BE-BB54-42650C22D1CE}"
EndProject
Project("{FAE04EC0-301F-11D3-BF4B-00C04F79EFBC}") = "CameraViewXamarinForms.iOS", "CameraViewXamarinForms\CameraViewXamarinForms.iOS\CameraViewXamarinForms.iOS.csproj", "{A1DD9554-9F86-4C41-9572-FF02710509C2}"
EndProject
Project("{FAE04EC0-301F-11D3-BF4B-00C04F79EFBC}") = "CameraViewXamarinForms", "CameraViewXamarinForms\CameraViewXamarinForms\CameraViewXamarinForms.csproj", "{F94303A7-05A2-493C-B224-319CC7E93E1C}"
EndProject
Global
	GlobalSection(SolutionConfigurationPlatforms) = preSolution
		Debug|Any CPU = Debug|Any CPU
		Debug|iPhone = Debug|iPhone
		Debug|iPhoneSimulator = Debug|iPhoneSimulator
		Release|Any CPU = Release|Any CPU
		Release|iPhone = Release|iPhone
		Release|iPhoneSimulator = Release|iPhoneSimulator
	EndGlobalSection
	GlobalSection(ProjectConfigurationPlatforms) = postSolution
		{A0308C85-CDD2-44BE-BB54-42650C22D1CE}.Debug|Any CPU.ActiveCfg = Debug|Any CPU
		{A0308C85-CDD2-44BE-BB54-42650C22D1CE}.Debug|Any CPU.Build.0 = Debug|Any CPU
		{A0308C85-CDD2-44BE-BB54-42650C22D1CE}.Debug|Any CPU.Deploy.0 = Debug|Any CPU
		{A0308C85-CDD2-44BE-BB54-42650C22D1CE}.Debug|iPhone.ActiveCfg = Debug|Any CPU
		{A0308C85-CDD2-44BE-BB54-42650C22D1CE}.Debug|iPhone.Build.0 = Debug|Any CPU
		{A0308C85-CDD2-44BE-BB54-42650C22D1CE}.Debug|iPhone.Deploy.0 = Debug|Any CPU
		{A0308C85-CDD2-44BE-BB54-42650C22D1CE}.Debug|iPhoneSimulator.ActiveCfg = Debug|Any CPU
		{A0308C85-CDD2-44BE-BB54-42650C22D1CE}.Debug|iPhoneSimulator.Build.0 = Debug|Any CPU
		{A0308C85-CDD2-44BE-BB54-42650C22D1CE}.Debug|iPhoneSimulator.Deploy.0 = Debug|Any CPU
		{A0308C85-CDD2-44BE-BB54-42650C22D1CE}.Release|Any CPU.ActiveCfg = Release|Any CPU
		{A0308C85-CDD2-44BE-BB54-42650C22D1CE}.Release|Any CPU.Build.0 = Release|Any CPU
		{A0308C85-CDD2-44BE-BB54-42650C22D1CE}.Release|Any CPU.Deploy.0 = Release|Any CPU
		{A0308C85-CDD2-44BE-BB54-42650C22D1CE}.Release|iPhone.ActiveCfg = Release|Any CPU
		{A0308C85-CDD2-44BE-BB54-42650C22D1CE}.Release|iPhone.Build.0 = Release|Any CPU
		{A0308C85-CDD2-44BE-BB54-42650C22D1CE}.Release|iPhone.Deploy.0 = Release|Any CPU
		{A0308C85-CDD2-44BE-BB54-42650C22D1CE}.Release|iPhoneSimulator.ActiveCfg = Release|Any CPU
		{A0308C85-CDD2-44BE-BB54-42650C22D1CE}.Release|iPhoneSimulator.Build.0 = Release|Any CPU
		{A0308C85-CDD2-44BE-BB54-42650C22D1CE}.Release|iPhoneSimulator.Deploy.0 = Release|Any CPU
		{A1DD9554-9F86-4C41-9572-FF02710509C2}.Debug|Any CPU.ActiveCfg = Debug|iPhone
		{A1DD9554-9F86-4C41-9572-FF02710509C2}.Debug|Any CPU.Build.0 = Debug|iPhone
		{A1DD9554-9F86-4C41-9572-FF02710509C2}.Debug|Any CPU.Deploy.0 = Debug|iPhone
		{A1DD9554-9F86-4C41-9572-FF02710509C2}.Debug|iPhone.ActiveCfg = Debug|iPhone
		{A1DD9554-9F86-4C41-9572-FF02710509C2}.Debug|iPhone.Build.0 = Debug|iPhone
		{A1DD9554-9F86-4C41-9572-FF02710509C2}.Debug|iPhone.Deploy.0 = Debug|iPhone
		{A1DD9554-9F86-4C41-9572-FF02710509C2}.Debug|iPhoneSimulator.ActiveCfg = Debug|iPhoneSimulator
		{A1DD9554-9F86-4C41-9572-FF02710509C2}.Debug|iPhoneSimulator.Build.0 = Debug|iPhoneSimulator
		{A1DD9554-9F86-4C41-9572-FF02710509C2}.Debug|iPhoneSimulator.Deploy.0 = Debug|iPhoneSimulator
		{A1DD9554-9F86-4C41-9572-FF02710509C2}.Release|Any CPU.ActiveCfg = Release|iPhone
		{A1DD9554-9F86-4C41-9572-FF02710509C2}.Release|Any CPU.Build.0 = Release|iPhone
		{A1DD9554-9F86-4C41-9572-FF02710509C2}.Release|Any CPU.Deploy.0 = Release|iPhone
		{A1DD9554-9F86-4C41-9572-FF02710509C2}.Release|iPhone.ActiveCfg = Release|iPhone
		{A1DD9554-9F86-4C41-9572-FF02710509C2}.Release|iPhone.Build.0 = Release|iPhone
		{A1DD9554-9F86-4C41-9572-FF02710509C2}.Release|iPhone.Deploy.0 = Release|iPhone
		{A1DD9554-9F86-4C41-9572-FF02710509C2}.Release|iPhoneSimulator.ActiveCfg = Release|iPhoneSimulator
		{A1DD9554-9F86-4C41-9572-FF02710509C2}.Release|iPhoneSimulator.Build.0 = Release|iPhoneSimulator
		{A1DD9554-9F86-4C41-9572-FF02710509C2}.Release|iPhoneSimulator.Deploy.0 = Release|iPhoneSimulator
		{F94303A7-05A2-493C-B224-319CC7E93E1C}.Debug|Any CPU.ActiveCfg = Debug|Any CPU
		{F94303A7-05A2-493C-B224-319CC7E93E1C}.Debug|Any CPU.Build.0 = Debug|Any CPU
		{F94303A7-05A2-493C-B224-319CC7E93E1C}.Debug|Any CPU.Deploy.0 = Debug|Any CPU
		{F94303A7-05A2-493C-B224-319CC7E93E1C}.Debug|iPhone.ActiveCfg = Debug|Any CPU
		{F94303A7-05A2-493C-B224-319CC7E93E1C}.Debug|iPhone.Build.0 = Debug|Any CPU
		{F94303A7-05A2-493C-B224-319CC7E93E1C}.Debug|iPhone.Deploy.0 = Debug|Any CPU
		{F94303A7-05A2-493C-B224-319CC7E93E1C}.Debug|iPhoneSimulator.ActiveCfg = Debug|Any CPU
		{F94303A7-05A2-493C-B224-319CC7E93E1C}.Debug|iPhoneSimulator.Build.0 = Debug|Any CPU
		{F94303A7-05A2-493C-B224-319CC7E93E1C}.Debug|iPhoneSimulator.Deploy.0 = Debug|Any CPU
		{F94303A7-05A2-493C-B224-319CC7E93E1C}.Release|Any CPU.ActiveCfg = Release|Any CPU
		{F94303A7-05A2-493C-B224-319CC7E93E1C}.Release|Any CPU.Build.0 = Release|Any CPU
		{F94303A7-05A2-493C-B224-319CC7E93E1C}.Release|Any CPU.Deploy.0 = Release|Any CPU
		{F94303A7-05A2-493C-B224-319CC7E93E1C}.Release|iPhone.ActiveCfg = Release|Any CPU
		{F94303A7-05A2-493C-B224-319CC7E93E1C}.Release|iPhone.Build.0 = Release|Any CPU
		{F94303A7-05A2-493C-B224-319CC7E93E1C}.Release|iPhone.Deploy.0 = Release|Any CPU
		{F94303A7-05A2-493C-B224-319CC7E93E1C}.Release|iPhoneSimulator.ActiveCfg = Release|Any CPU
		{F94303A7-05A2-493C-B224-319CC7E93E1C}.Release|iPhoneSimulator.Build.0 = Release|Any CPU
		{F94303A7-05A2-493C-B224-319CC7E93E1C}.Release|iPhoneSimulator.Deploy.0 = Release|Any CPU
	EndGlobalSection
	GlobalSection(SolutionProperties) = preSolution
		HideSolutionNode = FALSE
	EndGlobalSection
	GlobalSection(ExtensibilityGlobals) = postSolution
		SolutionGuid = {424230E8-8501-42B2-930B-2E2F318529A2}
	EndGlobalSection
EndGlobal
